[[package]]
category = "main"
description = "Low-level AMQP client for Python (fork of amqplib)."
name = "amqp"
optional = false
python-versions = ">=2.7, !=3.0.*, !=3.1.*, !=3.2.*, !=3.3.*"
version = "2.4.0"

[package.dependencies]
vine = ">=1.1.3"

[[package]]
category = "dev"
description = "Disable App Nap on OS X 10.9"
marker = "sys_platform == \"darwin\""
name = "appnope"
optional = false
python-versions = "*"
version = "0.1.0"

[[package]]
category = "dev"
description = "A tool that automatically formats Python code to conform to the PEP 8 style guide"
name = "autopep8"
optional = false
python-versions = "*"
version = "1.3.5"

[package.dependencies]
pycodestyle = ">=2.3"

[[package]]
category = "dev"
description = "Specifications for callback functions passed in to an API"
name = "backcall"
optional = false
python-versions = "*"
version = "0.1.0"

[[package]]
category = "main"
description = "Python multiprocessing fork with improvements and bugfixes"
name = "billiard"
optional = false
python-versions = "*"
version = "3.5.0.5"

[[package]]
category = "main"
description = "Distributed Task Queue."
name = "celery"
optional = false
python-versions = ">=2.7, !=3.0.*, !=3.1.*, !=3.2.*, !=3.3.*"
version = "4.2.1"

[package.dependencies]
billiard = ">=3.5.0.2,<3.6.0"
kombu = ">=4.2.0,<5.0"
pytz = ">0.0-dev"

[[package]]
category = "main"
description = "Python package for providing Mozilla's CA Bundle."
name = "certifi"
optional = false
python-versions = "*"
version = "2018.11.29"

[[package]]
category = "main"
description = "Universal encoding detector for Python 2 and 3"
name = "chardet"
optional = false
python-versions = "*"
version = "3.0.4"

[[package]]
category = "dev"
description = "Cross-platform colored terminal text."
marker = "sys_platform == \"win32\""
name = "colorama"
optional = false
python-versions = ">=2.7, !=3.0.*, !=3.1.*, !=3.2.*, !=3.3.*"
version = "0.4.1"

[[package]]
category = "dev"
description = "Better living through Python with decorators"
name = "decorator"
optional = false
python-versions = ">=2.6, !=3.0.*, !=3.1.*"
version = "4.3.2"

[[package]]
category = "main"
description = "XML bomb protection for Python stdlib modules"
marker = "python_version >= \"3.0\""
name = "defusedxml"
optional = false
python-versions = "*"
version = "0.5.0"

[[package]]
category = "main"
description = "A high-level Python Web framework that encourages rapid development and clean, pragmatic design."
name = "django"
optional = false
python-versions = ">=3.5"
version = "2.1.5"

[package.dependencies]
pytz = "*"

[[package]]
category = "main"
description = "Reusable, generic mixins for Django"
name = "django-braces"
optional = false
python-versions = "*"
version = "1.13.0"

[[package]]
category = "main"
description = "Use MJML in Django templates"
name = "django-mjml"
optional = false
python-versions = "*"
version = "0.6.0"

[package.dependencies]
django = ">=1.8,<2.2"

[[package]]
category = "main"
description = "OAuth2 Provider for Django"
name = "django-oauth-toolkit"
optional = false
python-versions = "*"
version = "1.2.0"

[package.dependencies]
django = ">=2.0"
oauthlib = ">=2.0.3"
requests = ">=2.13.0"

[[package]]
category = "main"
description = "python-social-auth and oauth2 support for django-rest-framework"
name = "django-rest-framework-social-oauth2"
optional = false
python-versions = "*"
version = "1.1.0"

[package.dependencies]
django-braces = ">=1.11.0"
django-oauth-toolkit = ">=1.0.0"
djangorestframework = ">=3.0.1"
social-auth-app-django = ">=0.1.0"

[[package]]
category = "main"
description = "Web APIs for Django, made easy."
name = "djangorestframework"
optional = false
python-versions = ">=2.7, !=3.0.*, !=3.1.*, !=3.2.*, !=3.3.*"
version = "3.9.0"

[[package]]
category = "main"
description = "the modular source code checker: pep8, pyflakes and co"
name = "flake8"
optional = false
python-versions = ">=2.7, !=3.0.*, !=3.1.*, !=3.2.*, !=3.3.*"
version = "3.6.0"

[package.dependencies]
mccabe = ">=0.6.0,<0.7.0"
pycodestyle = ">=2.4.0,<2.5.0"
pyflakes = ">=2.0.0,<2.1.0"
setuptools = ">=30"

[[package]]
category = "main"
description = "Internationalized Domain Names in Applications (IDNA)"
name = "idna"
optional = false
python-versions = ">=2.7, !=3.0.*, !=3.1.*, !=3.2.*, !=3.3.*"
version = "2.8"

[[package]]
category = "dev"
description = "IPython: Productive Interactive Computing"
name = "ipython"
optional = false
python-versions = ">=3.3"
version = "6.4.0"

[package.dependencies]
appnope = "*"
backcall = "*"
colorama = "*"
decorator = "*"
jedi = ">=0.10"
pexpect = "*"
pickleshare = "*"
prompt-toolkit = ">=1.0.15,<2.0.0"
pygments = "*"
setuptools = ">=18.5"
simplegeneric = ">0.8"
traitlets = ">=4.2"

[[package]]
category = "dev"
description = "Vestigial utilities from IPython"
name = "ipython-genutils"
optional = false
python-versions = "*"
version = "0.2.0"

[[package]]
category = "dev"
description = "An autocompletion tool for Python that can be used for text editors."
name = "jedi"
optional = false
python-versions = ">=2.7, !=3.0.*, !=3.1.*, !=3.2.*, !=3.3.*"
version = "0.13.2"

[package.dependencies]
parso = ">=0.3.0"

[[package]]
category = "main"
description = "Messaging library for Python."
name = "kombu"
optional = false
python-versions = ">=2.7, !=3.0.*, !=3.1.*, !=3.2.*, !=3.3.*"
version = "4.2.2.post1"

[package.dependencies]
amqp = ">=2.1.4,<3.0"

[[package]]
category = "main"
description = "McCabe checker, plugin for flake8"
name = "mccabe"
optional = false
python-versions = "*"
version = "0.6.1"

[[package]]
category = "main"
description = "A generic, spec-compliant, thorough implementation of the OAuth request-signing logic"
name = "oauthlib"
optional = false
python-versions = "*"
version = "2.1.0"

[[package]]
category = "dev"
description = "A Python Parser"
name = "parso"
optional = false
python-versions = "*"
version = "0.3.2"

[[package]]
category = "dev"
description = "Python style guide checker"
name = "pep8"
optional = false
python-versions = "*"
version = "1.7.1"

[[package]]
category = "dev"
description = "Pexpect allows easy control of interactive console applications."
marker = "sys_platform != \"win32\""
name = "pexpect"
optional = false
python-versions = "*"
version = "4.6.0"

[package.dependencies]
ptyprocess = ">=0.5"

[[package]]
category = "dev"
description = "Tiny 'shelve'-like database with concurrency support"
name = "pickleshare"
optional = false
python-versions = "*"
version = "0.7.5"

[[package]]
category = "dev"
description = "Library for building powerful interactive command lines in Python"
name = "prompt-toolkit"
optional = false
python-versions = "*"
version = "1.0.15"

[package.dependencies]
six = ">=1.9.0"
wcwidth = "*"

[[package]]
category = "main"
description = "psycopg2 - Python-PostgreSQL Database Adapter"
name = "psycopg2-binary"
optional = false
python-versions = "*"
version = "2.7.6.1"

[[package]]
category = "dev"
description = "Run a subprocess in a pseudo terminal"
marker = "sys_platform != \"win32\""
name = "ptyprocess"
optional = false
python-versions = "*"
version = "0.6.0"

[[package]]
category = "main"
description = "Python style guide checker"
name = "pycodestyle"
optional = false
python-versions = "*"
version = "2.4.0"

[[package]]
category = "main"
description = "passive checker of Python programs"
name = "pyflakes"
optional = false
python-versions = ">=2.7, !=3.0.*, !=3.1.*, !=3.2.*, !=3.3.*"
version = "2.0.0"

[[package]]
category = "dev"
description = "Pygments is a syntax highlighting package written in Python."
name = "pygments"
optional = false
python-versions = "*"
version = "2.3.1"

[[package]]
category = "main"
description = "JSON Web Token implementation in Python"
name = "pyjwt"
optional = false
python-versions = "*"
version = "1.7.1"

[[package]]
category = "main"
description = "A Python SOCKS client module. See https://github.com/Anorov/PySocks for more information."
name = "pysocks"
optional = false
python-versions = "*"
version = "1.6.8"

[[package]]
category = "main"
description = "OpenID support for modern servers and consumers."
marker = "python_version >= \"3.0\""
name = "python3-openid"
optional = false
python-versions = "*"
version = "3.1.0"

[package.dependencies]
defusedxml = "*"

[[package]]
category = "main"
description = "World timezone definitions, modern and historical"
name = "pytz"
optional = false
python-versions = "*"
version = "2018.9"

[[package]]
category = "main"
description = "Raven is a client for Sentry (https://getsentry.com)"
name = "raven"
optional = false
python-versions = "*"
version = "6.10.0"

[[package]]
category = "main"
description = "Python client for Redis key-value store"
name = "redis"
optional = false
python-versions = ">=2.7, !=3.0.*, !=3.1.*, !=3.2.*, !=3.3.*"
version = "3.0.1"

[[package]]
category = "main"
description = "Python HTTP for Humans."
name = "requests"
optional = false
python-versions = ">=2.7, !=3.0.*, !=3.1.*, !=3.2.*, !=3.3.*"
version = "2.21.0"

[package.dependencies]
certifi = ">=2017.4.17"
chardet = ">=3.0.2,<3.1.0"
idna = ">=2.5,<2.9"
urllib3 = ">=1.21.1,<1.25"

[[package]]
category = "main"
description = "OAuthlib authentication support for Requests."
name = "requests-oauthlib"
optional = false
python-versions = ">=2.7, !=3.0.*, !=3.1.*, !=3.2.*, !=3.3.*"
version = "1.1.0"

[package.dependencies]
oauthlib = ">=2.1.0,<3.0.0"
requests = ">=2.0.0"

[[package]]
category = "dev"
description = "Simple generic functions (similar to Python's own len(), pickle.dump(), etc.)"
name = "simplegeneric"
optional = false
python-versions = "*"
version = "0.8.1"

[[package]]
category = "main"
description = "Python 2 and 3 compatibility utilities"
name = "six"
optional = false
python-versions = ">=2.6, !=3.0.*, !=3.1.*"
version = "1.12.0"

[[package]]
category = "main"
description = "Python Social Authentication, Django integration."
name = "social-auth-app-django"
optional = false
python-versions = "*"
version = "3.1.0"

[package.dependencies]
six = "*"
social-auth-core = ">=1.2.0"

[[package]]
category = "main"
description = "Python social authentication made simple."
name = "social-auth-core"
optional = false
python-versions = "*"
version = "3.0.0"

[package.dependencies]
PyJWT = ">=1.4.0"
oauthlib = ">=1.0.3"
requests = ">=2.9.1"
requests-oauthlib = ">=0.6.1"
six = ">=1.10.0"

[package.dependencies.defusedxml]
python = ">=3.0"
version = ">=0.5.0rc1"

[package.dependencies.python3-openid]
python = ">=3.0"
version = ">=3.0.10"

[[package]]
category = "dev"
description = "Traitlets Python config system"
name = "traitlets"
optional = false
python-versions = "*"
version = "4.3.2"

[package.dependencies]
decorator = "*"
ipython-genutils = "*"
six = "*"

[[package]]
category = "main"
description = "Twitter library for python"
name = "tweepy"
optional = false
python-versions = ">=2.7, !=3.0.*, !=3.1.*, !=3.2.*, !=3.3.*"
version = "3.7.0"

[package.dependencies]
PySocks = ">=1.5.7"
requests = ">=2.11.1"
requests-oauthlib = ">=0.7.0"
six = ">=1.10.0"

[[package]]
category = "main"
description = "HTTP library with thread-safe connection pooling, file post, and more."
name = "urllib3"
optional = false
python-versions = ">=2.7, !=3.0.*, !=3.1.*, !=3.2.*, !=3.3.*, <4"
version = "1.24.1"

[[package]]
category = "main"
description = "The uWSGI server"
name = "uwsgi"
optional = false
python-versions = "*"
version = "2.0.17.1"

[[package]]
category = "main"
description = "Promises, promises, promises."
name = "vine"
optional = false
python-versions = ">=2.7, !=3.0.*, !=3.1.*, !=3.2.*, !=3.3.*"
version = "1.2.0"

[[package]]
category = "dev"
description = "Measures number of Terminal column cells of wide-character codes"
name = "wcwidth"
optional = false
python-versions = "*"
version = "0.1.7"

[metadata]
content-hash = "832c719cfa0fd74a27b67aaf566e36b3be9806a641ffe0c7c7f4b11c5067cffc"
python-versions = "^3.6"

[metadata.hashes]
amqp = ["9f181e4aef6562e6f9f45660578fc1556150ca06e836ecb9e733e6ea10b48464", "c3d7126bfbc640d076a01f1f4f6e609c0e4348508150c1f61336b0d83c738d2b"]
appnope = ["5b26757dc6f79a3b7dc9fab95359328d5747fcb2409d331ea66d0272b90ab2a0", "8b995ffe925347a2138d7ac0fe77155e4311a0ea6d6da4f5128fe4b3cbe5ed71"]
autopep8 = ["2284d4ae2052fedb9f466c09728e30d2e231cfded5ffd7b1a20c34123fdc4ba4"]
backcall = ["38ecd85be2c1e78f77fd91700c76e14667dc21e2713b63876c0eb901196e01e4", "bbbf4b1e5cd2bdb08f915895b51081c041bac22394fdfcfdfbe9f14b77c08bf2"]
billiard = ["42d9a227401ac4fba892918bba0a0c409def5435c4b483267ebfe821afaaba0e"]
celery = ["77dab4677e24dc654d42dfbdfed65fa760455b6bb563a0877ecc35f4cfcfc678", "ad7a7411772b80a4d6c64f2f7f723200e39fb66cf614a7fdfab76d345acc7b13"]
certifi = ["47f9c83ef4c0c621eaef743f133f09fa8a74a9b75f037e8624f83bd1b6626cb7", "993f830721089fef441cdfeb4b2c8c9df86f0c63239f06bd025a76a7daddb033"]
chardet = ["84ab92ed1c4d4f16916e05906b6b75a6c0fb5db821cc65e70cbd64a3e2a5eaae", "fc323ffcaeaed0e0a02bf4d117757b98aed530d9ed4531e3e15460124c106691"]
colorama = ["05eed71e2e327246ad6b38c540c4a3117230b19679b875190486ddd2d721422d", "f8ac84de7840f5b9c4e3347b3c1eaa50f7e49c2b07596221daec5edaabbd7c48"]
decorator = ["33cd704aea07b4c28b3eb2c97d288a06918275dac0ecebdaf1bc8a48d98adb9e", "cabb249f4710888a2fc0e13e9a16c343d932033718ff62e1e9bc93a9d3a9122b"]
defusedxml = ["24d7f2f94f7f3cb6061acb215685e5125fbcdc40a857eff9de22518820b0a4f4", "702a91ade2968a82beb0db1e0766a6a273f33d4616a6ce8cde475d8e09853b20"]
django = ["a32c22af23634e1d11425574dce756098e015a165be02e4690179889b207c7a8", "d6393918da830530a9516bbbcbf7f1214c3d733738779f06b0f649f49cc698c3"]
django-braces = ["a457d74ea29478123c0c4652272681b3cea0bf1232187fd9f9b6f1d97d32a890", "ba68e98b817c6f01d71d10849f359979617b3fe4cefb7f289adefddced092ddc"]
django-mjml = ["15747ddc3eff0017024548c431e63f90d369c7d8ab543589862b97c3b6fac694", "3c5793c984423606f00d78079fa2cfdaba74a17bc1a3a5b6f924c13e4e849127"]
django-oauth-toolkit = ["ad1b76275950ebbff708222cec57bbdb879f89bac7df6b9dee0f4b9db485c264"]
django-rest-framework-social-oauth2 = ["c9a297b636ffd37957c6146280e99ead41e6aca37bcb995e3d52d65eefbca0b7"]
djangorestframework = ["607865b0bb1598b153793892101d881466bd5a991de12bd6229abb18b1c86136", "63f76cbe1e7d12b94c357d7e54401103b2e52aef0f7c1650d6c820ad708776e5"]
flake8 = ["6a35f5b8761f45c5513e3405f110a86bea57982c3b75b766ce7b65217abe1670", "c01f8a3963b3571a8e6bd7a4063359aff90749e160778e03817cd9b71c9e07d2"]
idna = ["c357b3f628cf53ae2c4c05627ecc484553142ca23264e593d327bcde5e9c3407", "ea8b7f6188e6fa117537c3df7da9fc686d485087abf6ac197f9c46432f7e4a3c"]
ipython = ["a0c96853549b246991046f32d19db7140f5b1a644cc31f0dc1edc86713b7676f", "eca537aa61592aca2fef4adea12af8e42f5c335004dfa80c78caf80e8b525e5c"]
ipython-genutils = ["72dd37233799e619666c9f639a9da83c34013a73e8bbc79a7a6348d93c61fab8", "eb2e116e75ecef9d4d228fdc66af54269afa26ab4463042e33785b887c628ba8"]
jedi = ["571702b5bd167911fe9036e5039ba67f820d6502832285cde8c881ab2b2149fd", "c8481b5e59d34a5c7c42e98f6625e633f6ef59353abea6437472c7ec2093f191"]
kombu = ["1ef049243aa05f29e988ab33444ec7f514375540eaa8e0b2e1f5255e81c5e56d", "3c9dca2338c5d893f30c151f5d29bfb81196748ab426d33c362ab51f1e8dbf78"]
mccabe = ["ab8a6258860da4b6677da4bd2fe5dc2c659cff31b3ee4f7f5d64e79735b80d42", "dd8d182285a0fe56bace7f45b5e7d1a6ebcbf524e8f3bd87eb0f125271b8831f"]
oauthlib = ["ac35665a61c1685c56336bda97d5eefa246f1202618a1d6f34fccb1bdd404162", "d883b36b21a6ad813953803edfa563b1b579d79ca758fe950d1bc9e8b326025b"]
parso = ["4b8f9ed80c3a4a3191aa3261505d868aa552dd25649cb13a7d73b6b7315edf2d", "5a120be2e8863993b597f1c0437efca799e90e0793c98ae5d4e34ebd00140e31"]
pep8 = ["b22cfae5db09833bb9bd7c8463b53e1a9c9b39f12e304a8d0bba729c501827ee", "fe249b52e20498e59e0b5c5256aa52ee99fc295b26ec9eaa85776ffdb9fe6374"]
pexpect = ["2a8e88259839571d1251d278476f3eec5db26deb73a70be5ed5dc5435e418aba", "3fbd41d4caf27fa4a377bfd16fef87271099463e6fa73e92a52f92dfee5d425b"]
pickleshare = ["87683d47965c1da65cdacaf31c8441d12b8044cdec9aca500cd78fc2c683afca", "9649af414d74d4df115d5d718f82acb59c9d418196b7b4290ed47a12ce62df56"]
prompt-toolkit = ["1df952620eccb399c53ebb359cc7d9a8d3a9538cb34c5a1344bdbeb29fbcc381", "3f473ae040ddaa52b52f97f6b4a493cfa9f5920c255a12dc56a7d34397a398a4", "858588f1983ca497f1cf4ffde01d978a3ea02b01c8a26a8bbc5cd2e66d816917"]
psycopg2-binary = ["036bcb198a7cc4ce0fe43344f8c2c9a8155aefa411633f426c8c6ed58a6c0426", "1d770fcc02cdf628aebac7404d56b28a7e9ebec8cfc0e63260bd54d6edfa16d4", "1fdc6f369dcf229de6c873522d54336af598b9470ccd5300e2f58ee506f5ca13", "21f9ddc0ff6e07f7d7b6b484eb9da2c03bc9931dd13e36796b111d631f7135a3", "247873cda726f7956f745a3e03158b00de79c4abea8776dc2f611d5ba368d72d", "3aa31c42f29f1da6f4fd41433ad15052d5ff045f2214002e027a321f79d64e2c", "475f694f87dbc619010b26de7d0fc575a4accf503f2200885cc21f526bffe2ad", "4b5e332a24bf6e2fda1f51ca2a57ae1083352293a08eeea1fa1112dc7dd542d1", "570d521660574aca40be7b4d532dfb6f156aad7b16b5ed62d1534f64f1ef72d8", "59072de7def0690dd13112d2bdb453e20570a97297070f876fbbb7cbc1c26b05", "5f0b658989e918ef187f8a08db0420528126f2c7da182a7b9f8bf7f85144d4e4", "649199c84a966917d86cdc2046e03d536763576c0b2a756059ae0b3a9656bc20", "6645fc9b4705ae8fbf1ef7674f416f89ae1559deec810f6dd15197dfa52893da", "6872dd54d4e398d781efe8fe2e2d7eafe4450d61b5c4898aced7610109a6df75", "6ce34fbc251fc0d691c8d131250ba6f42fd2b28ef28558d528ba8c558cb28804", "73920d167a0a4d1006f5f3b9a3efce6f0e5e883a99599d38206d43f27697df00", "8a671732b87ae423e34b51139628123bc0306c2cb85c226e71b28d3d57d7e42a", "8d517e8fda2efebca27c2018e14c90ed7dc3f04d7098b3da2912e62a1a5585fe", "9475a008eb7279e20d400c76471843c321b46acacc7ee3de0b47233a1e3fa2cf", "96947b8cd7b3148fb0e6549fcb31258a736595d6f2a599f8cd450e9a80a14781", "abf229f24daa93f67ac53e2e17c8798a71a01711eb9fcdd029abba8637164338", "b1ab012f276df584beb74f81acb63905762c25803ece647016613c3d6ad4e432", "b22b33f6f0071fe57cb4e9158f353c88d41e739a3ec0d76f7b704539e7076427", "b3b2d53274858e50ad2ffdd6d97ce1d014e1e530f82ec8b307edd5d4c921badf", "bab26a729befc7b9fab9ded1bba9c51b785188b79f8a2796ba03e7e734269e2e", "daa1a593629aa49f506eddc9d23dc7f89b35693b90e1fbcd4480182d1203ea90", "dd111280ce40e89fd17b19c1269fd1b74a30fce9d44a550840e86edb33924eb8", "e0b86084f1e2e78c451994410de756deba206884d6bed68d5a3d7f39ff5fea1d", "eb86520753560a7e89639500e2a254bb6f683342af598088cb72c73edcad21e6", "ff18c5c40a38d41811c23e2480615425c97ea81fd7e9118b8b899c512d97c737"]
ptyprocess = ["923f299cc5ad920c68f2bc0bc98b75b9f838b93b599941a6b63ddbc2476394c0", "d7cc528d76e76342423ca640335bd3633420dc1366f258cb31d05e865ef5ca1f"]
pycodestyle = ["74abc4e221d393ea5ce1f129ea6903209940c1ecd29e002e8c6933c2b21026e0", "cbc619d09254895b0d12c2c691e237b2e91e9b2ecf5e84c26b35400f93dcfb83", "cbfca99bd594a10f674d0cd97a3d802a1fdef635d4361e1a2658de47ed261e3a"]
pyflakes = ["9a7662ec724d0120012f6e29d6248ae3727d821bba522a0e6b356eff19126a49", "f661252913bc1dbe7fcfcbf0af0db3f42ab65aabd1a6ca68fe5d466bace94dae"]
pygments = ["5ffada19f6203563680669ee7f53b64dabbeb100eb51b61996085e99c03b284a", "e8218dd399a61674745138520d0d4cf2621d7e032439341bc3f647bff125818d"]
pyjwt = ["5c6eca3c2940464d106b99ba83b00c6add741c9becaec087fb7ccdefea71350e", "8d59a976fb773f3e6a39c85636357c4f0e242707394cadadd9814f5cbaa20e96"]
pysocks = ["3fe52c55890a248676fd69dc9e3c4e811718b777834bcaab7a8125cf9deac672"]
python3-openid = ["0086da6b6ef3161cfe50fb1ee5cceaf2cda1700019fda03c2c5c440ca6abe4fa", "628d365d687e12da12d02c6691170f4451db28d6d68d050007e4a40065868502"]
pytz = ["32b0891edff07e28efe91284ed9c31e123d84bea3fd98e1f72be2508f43ef8d9", "d5f05e487007e29e03409f9398d074e158d920d36eb82eaf66fb1136b0c5374c"]
raven = ["3fa6de6efa2493a7c827472e984ce9b020797d0da16f1db67197bcc23c8fae54", "44a13f87670836e153951af9a3c80405d36b43097db869a36e92809673692ce4"]
redis = ["2100750629beff143b6a200a2ea8e719fcf26420adabb81402895e144c5083cf", "8e0bdd2de02e829b6225b25646f9fb9daffea99a252610d040409a6738541f0a"]
requests = ["502a824f31acdacb3a35b6690b5fbf0bc41d63a24a45c4004352b0242707598e", "7bf2a778576d825600030a110f3c0e3e8edc51dfaafe1c146e39a2027784957b"]
requests-oauthlib = ["490229d14a98e1b69612dcc1a22887ec14f5487dc1b8c6d7ba7f77a42ce7347b", "be76f2bb72ca5525998e81d47913e09b1ca8b7957ae89b46f787a79e68ad5e61", "eabd8eb700ebed81ba080c6ead96d39d6bdc39996094bd23000204f6965786b0"]
simplegeneric = ["dc972e06094b9af5b855b3df4a646395e43d1c9d0d39ed345b7393560d0b9173"]
six = ["3350809f0555b11f552448330d0b52d5f24c91a322ea4a15ef22629740f3761c", "d16a0141ec1a18405cd4ce8b4613101da75da0e9a7aec5bdd4fa804d0e0eba73"]
social-auth-app-django = ["6d0dd18c2d9e71ca545097d57b44d26f59e624a12833078e8e52f91baf849778", "9237e3d7b6f6f59494c3b02e0cce6efc69c9d33ad9d1a064e3b2318bcbe89ae3", "f151396e5b16e2eee12cd2e211004257826ece24fc4ae97a147df386c1cd7082"]
social-auth-core = ["3584a6b96b5c505bb2d2a5c35a9f8656addd895bfa64c58f9c40d4e3d824ea26", "54eb683eeee677a45e4e544995b0c62a88d705ae5d9509256187f8d6a943a32a", "d47c4f48484847faf043e975ec07300be84d64bfcf8268029e2383759222b609"]
traitlets = ["9c4bd2d267b7153df9152698efb1050a5d84982d3384a37b2c1f7723ba3e7835", "c6cb5e6f57c5a9bdaa40fa71ce7b4af30298fbab9ece9815b5d995ab6217c7d9"]
tweepy = ["de56db37181e6ba2a375a7a81845ee6b2aee0e39a7bc8fb96a60c0370062f0a2", "fe85a79f58a01dd335968523b91c5fce760e7fe78bf25a6e71c72204fe499d0b"]
urllib3 = ["61bf29cada3fc2fbefad4fdf059ea4bd1b4a86d2b6d15e1c7c0b582b9752fe39", "de9529817c93f27c8ccbfead6985011db27bd0ddfcdb2d86f3f663385c6a9c22"]
uwsgi = ["d2318235c74665a60021a4fc7770e9c2756f9fc07de7b8c22805efe85b5ab277"]
vine = ["3cd505dcf980223cfaf13423d371f2e7ff99247e38d5985a01ec8264e4f2aca1", "ee4813e915d0e1a54e5c1963fde0855337f82655678540a6bc5996bca4165f76"]
wcwidth = ["3df37372226d6e63e1b1e1eda15c594bca98a22d33a23832a90998faa96bc65e", "f4ebe71925af7b40a864553f761ed559b43544f8f71746c2d756c7fe788ade7c"]
